
Microsoft Visual Studio Solution File, Format Version 12.00
# Visual Studio 14
VisualStudioVersion = 14.0.24720.0
MinimumVisualStudioVersion = 10.0.40219.1
Project("{8BC9CEB8-8B4A-11D0-8D11-00A0C91BC942}") = "Server_Library", "Server_Library\Server_Library.vcxproj", "{B196C149-58C9-4CAA-9DB3-51B377C5361C}"
EndProject
Project("{8BC9CEB8-8B4A-11D0-8D11-00A0C91BC942}") = "Server_Test", "Server_Test\Server_Test.vcxproj", "{EAF42069-6ADB-4C93-96B4-8FFDC9F62F43}"
EndProject
Project("{8BC9CEB8-8B4A-11D0-8D11-00A0C91BC942}") = "Client_Test", "Client_Test\Client_Test.vcxproj", "{4EA1D354-0F7E-4431-8335-27618C003787}"
EndProject
Global
	GlobalSection(SolutionConfigurationPlatforms) = preSolution
		Debug|x64 = Debug|x64
		Debug|x86 = Debug|x86
		Release|x64 = Release|x64
		Release|x86 = Release|x86
	EndGlobalSection
	GlobalSection(ProjectConfigurationPlatforms) = postSolution
		{B196C149-58C9-4CAA-9DB3-51B377C5361C}.Debug|x64.ActiveCfg = Debug|x64
		{B196C149-58C9-4CAA-9DB3-51B377C5361C}.Debug|x64.Build.0 = Debug|x64
		{B196C149-58C9-4CAA-9DB3-51B377C5361C}.Debug|x86.ActiveCfg = Debug|Win32
		{B196C149-58C9-4CAA-9DB3-51B377C5361C}.Debug|x86.Build.0 = Debug|Win32
		{B196C149-58C9-4CAA-9DB3-51B377C5361C}.Release|x64.ActiveCfg = Release|x64
		{B196C149-58C9-4CAA-9DB3-51B377C5361C}.Release|x64.Build.0 = Release|x64
		{B196C149-58C9-4CAA-9DB3-51B377C5361C}.Release|x86.ActiveCfg = Release|Win32
		{B196C149-58C9-4CAA-9DB3-51B377C5361C}.Release|x86.Build.0 = Release|Win32
		{EAF42069-6ADB-4C93-96B4-8FFDC9F62F43}.Debug|x64.ActiveCfg = Debug|x64
		{EAF42069-6ADB-4C93-96B4-8FFDC9F62F43}.Debug|x64.Build.0 = Debug|x64
		{EAF42069-6ADB-4C93-96B4-8FFDC9F62F43}.Debug|x86.ActiveCfg = Debug|Win32
		{EAF42069-6ADB-4C93-96B4-8FFDC9F62F43}.Debug|x86.Build.0 = Debug|Win32
		{EAF42069-6ADB-4C93-96B4-8FFDC9F62F43}.Release|x64.ActiveCfg = Release|x64
		{EAF42069-6ADB-4C93-96B4-8FFDC9F62F43}.Release|x64.Build.0 = Release|x64
		{EAF42069-6ADB-4C93-96B4-8FFDC9F62F43}.Release|x86.ActiveCfg = Release|Win32
		{EAF42069-6ADB-4C93-96B4-8FFDC9F62F43}.Release|x86.Build.0 = Release|Win32
		{4EA1D354-0F7E-4431-8335-27618C003787}.Debug|x64.ActiveCfg = Debug|x64
		{4EA1D354-0F7E-4431-8335-27618C003787}.Debug|x64.Build.0 = Debug|x64
		{4EA1D354-0F7E-4431-8335-27618C003787}.Debug|x86.ActiveCfg = Debug|Win32
		{4EA1D354-0F7E-4431-8335-27618C003787}.Debug|x86.Build.0 = Debug|Win32
		{4EA1D354-0F7E-4431-8335-27618C003787}.Release|x64.ActiveCfg = Release|x64
		{4EA1D354-0F7E-4431-8335-27618C003787}.Release|x64.Build.0 = Release|x64
		{4EA1D354-0F7E-4431-8335-27618C003787}.Release|x86.ActiveCfg = Release|Win32
		{4EA1D354-0F7E-4431-8335-27618C003787}.Release|x86.Build.0 = Release|Win32
	EndGlobalSection
	GlobalSection(SolutionProperties) = preSolution
		HideSolutionNode = FALSE
	EndGlobalSection
EndGlobal
