<?xml version="1.0" encoding="utf-8"?>
<Project ToolsVersion="4.0" xmlns="http://schemas.microsoft.com/developer/msbuild/2003">
  <ItemGroup>
    <Text Include="ReadMe.txt" />
  </ItemGroup>
  <ItemGroup>
    <Filter Include="ServerFile">
      <UniqueIdentifier>{fb5d334d-29e3-4616-881b-37073c7eb557}</UniqueIdentifier>
    </Filter>
    <Filter Include="ServerFile\Header">
      <UniqueIdentifier>{defc29f0-9696-42c2-a673-ad7d60b58996}</UniqueIdentifier>
    </Filter>
    <Filter Include="ServerFile\Source">
      <UniqueIdentifier>{2334729e-0c6c-4b90-a8e3-2a1660f75cb7}</UniqueIdentifier>
    </Filter>
    <Filter Include="ServerFile\Header\Server">
      <UniqueIdentifier>{bc4e51d5-8580-4053-9921-7b86013a9f8e}</UniqueIdentifier>
    </Filter>
    <Filter Include="ServerFile\Header\Client">
      <UniqueIdentifier>{107e3e42-94d6-4a57-99cd-4e7e04cc5882}</UniqueIdentifier>
    </Filter>
    <Filter Include="ServerFile\Header\Packets">
      <UniqueIdentifier>{d7611cf9-924a-4613-ac5a-0211be2bd51f}</UniqueIdentifier>
    </Filter>
    <Filter Include="ServerFile\Source\Server">
      <UniqueIdentifier>{a780af8c-9569-47e7-af18-b30d469fbdea}</UniqueIdentifier>
    </Filter>
    <Filter Include="ServerFile\Source\Client">
      <UniqueIdentifier>{9833ccef-f87a-4a7a-a8ad-3ba105d454e7}</UniqueIdentifier>
    </Filter>
    <Filter Include="ServerFile\Source\Packets">
      <UniqueIdentifier>{758ce923-d888-4232-9203-32762b8e10d3}</UniqueIdentifier>
    </Filter>
    <Filter Include="ServerFile\Source\Packets\Login">
      <UniqueIdentifier>{23b77e1f-c5d0-475f-ab92-f15b0ab5151d}</UniqueIdentifier>
    </Filter>
    <Filter Include="ServerFile\Header\Packets\Login">
      <UniqueIdentifier>{22c77817-f499-4aaf-ab36-4659a753a1c7}</UniqueIdentifier>
    </Filter>
  </ItemGroup>
  <ItemGroup>
    <ClInclude Include="Source\Server\main.h">
      <Filter>ServerFile\Header\Server</Filter>
    </ClInclude>
    <ClInclude Include="Source\Packets\Login\NtlPacketAU.h">
      <Filter>ServerFile\Header\Packets\Login</Filter>
    </ClInclude>
    <ClInclude Include="Source\Packets\Login\NtlPacketUA.h">
      <Filter>ServerFile\Header\Packets\Login</Filter>
    </ClInclude>
    <ClInclude Include="stdafx.h">
      <Filter>ServerFile\Header</Filter>
    </ClInclude>
    <ClInclude Include="Source\Packets\AllPackets.h">
      <Filter>ServerFile\Header\Packets</Filter>
    </ClInclude>
    <ClInclude Include="Source\Client\CClientSession.h">
      <Filter>ServerFile\Header\Client</Filter>
    </ClInclude>
    <ClInclude Include="Source\Server\AuthServer.h">
      <Filter>ServerFile\Header\Server</Filter>
    </ClInclude>
  </ItemGroup>
  <ItemGroup>
    <ClCompile Include="Source\Server\main.cpp">
      <Filter>ServerFile\Source\Server</Filter>
    </ClCompile>
    <ClCompile Include="Source\Packets\Login\NtlPacketAU.cpp">
      <Filter>ServerFile\Source\Packets\Login</Filter>
    </ClCompile>
    <ClCompile Include="Source\Packets\Login\NtlPacketUA.cpp">
      <Filter>ServerFile\Source\Packets\Login</Filter>
    </ClCompile>
    <ClCompile Include="Source\Packets\Login\PacketAuthServer.cpp">
      <Filter>ServerFile\Source\Packets\Login</Filter>
    </ClCompile>
    <ClCompile Include="stdafx.cpp">
      <Filter>ServerFile\Source</Filter>
    </ClCompile>
    <ClCompile Include="Source\Packets\Login\ParseLoginPacket.cpp">
      <Filter>ServerFile\Source\Packets\Login</Filter>
    </ClCompile>
    <ClCompile Include="Source\Client\CClientSession.cpp">
      <Filter>ServerFile\Source\Client</Filter>
    </ClCompile>
    <ClCompile Include="Source\Server\AuthServer.cpp">
      <Filter>ServerFile\Source\Server</Filter>
    </ClCompile>
  </ItemGroup>
</Project>